
Microsoft Visual Studio Solution File, Format Version 12.00
# Visual Studio 2012
Project("{FAE04EC0-301F-11D3-BF4B-00C04F79EFBC}") = "GoldHunterSP", "GoldHunterSP\GoldHunterSP.csproj", "{D270790D-60F6-49D6-A4EA-81AC89EDA8A1}"
EndProject
Global
	GlobalSection(SolutionConfigurationPlatforms) = preSolution
		Debug|Any CPU = Debug|Any CPU
		Release|Any CPU = Release|Any CPU
	EndGlobalSection
	GlobalSection(ProjectConfigurationPlatforms) = postSolution
		{D270790D-60F6-49D6-A4EA-81AC89EDA8A1}.Debug|Any CPU.ActiveCfg = Debug|Any CPU
		{D270790D-60F6-49D6-A4EA-81AC89EDA8A1}.Debug|Any CPU.Build.0 = Debug|Any CPU
		{D270790D-60F6-49D6-A4EA-81AC89EDA8A1}.Release|Any CPU.ActiveCfg = Release|Any CPU
		{D270790D-60F6-49D6-A4EA-81AC89EDA8A1}.Release|Any CPU.Build.0 = Release|Any CPU
	EndGlobalSection
	GlobalSection(SolutionProperties) = preSolution
		HideSolutionNode = FALSE
	EndGlobalSection
EndGlobal
